
Microsoft Visual Studio Solution File, Format Version 12.00
# Visual Studio Version 17
VisualStudioVersion = 17.3.32804.467
MinimumVisualStudioVersion = 10.0.40219.1
Project("{9A19103F-16F7-4668-BE54-9A1E7A4F7556}") = "DbOperations", "DbOperations\DbOperations.csproj", "{F06653C5-4DE3-4F84-9F30-22D4CC692223}"
EndProject
Project("{9A19103F-16F7-4668-BE54-9A1E7A4F7556}") = "Entities", "Entities\Entities.csproj", "{D081EC47-908A-45E4-A0C7-2A087716EE7C}"
EndProject
Project("{9A19103F-16F7-4668-BE54-9A1E7A4F7556}") = "ExternalEntities", "ExternalEntities\ExternalEntities.csproj", "{997A3B0F-1B7B-42C1-912F-C4C0ABAA7E21}"
EndProject
Project("{9A19103F-16F7-4668-BE54-9A1E7A4F7556}") = "LabAPI", "LabAPI\LabAPI.csproj", "{B29C7879-515C-42B5-A9E4-31FB25FB66CD}"
EndProject
Project("{9A19103F-16F7-4668-BE54-9A1E7A4F7556}") = "Entities_ADO", "Entities_ADO\Entities_ADO.csproj", "{C737DAC4-1AE8-4A03-AA32-083CD4138279}"
EndProject
Project("{9A19103F-16F7-4668-BE54-9A1E7A4F7556}") = "DbOperations_ADO", "DbOperations_ADO\DbOperations_ADO.csproj", "{7FFB623C-D709-4AF2-AF9C-1573FA1E6D37}"
EndProject
Project("{9A19103F-16F7-4668-BE54-9A1E7A4F7556}") = "Repository", "Repository\Repository.csproj", "{67EE3FC0-FE1E-46DF-9EBB-8BD78E1C383D}"
EndProject
Project("{9A19103F-16F7-4668-BE54-9A1E7A4F7556}") = "ConnectionManagement", "ConnectionManagement\ConnectionManagement.csproj", "{90362B5C-3A9D-4BA3-894A-042F9DBB3691}"
EndProject
Project("{9A19103F-16F7-4668-BE54-9A1E7A4F7556}") = "ExcelRead", "ExcelRead\ExcelRead.csproj", "{83426F22-EAC4-4765-91A9-AFB2D870D592}"
EndProject
Project("{9A19103F-16F7-4668-BE54-9A1E7A4F7556}") = "AWSLambdaAPI", "AWSLambdaAPI\AWSLambdaAPI.csproj", "{C4DB8C9F-87E4-461A-A5A6-C57F0C2DFEF8}"
EndProject
Project("{9A19103F-16F7-4668-BE54-9A1E7A4F7556}") = "AWSLambdaS3Trigger", "AWSLambdaS3Trigger\AWSLambdaS3Trigger.csproj", "{C1A54D42-CB57-45DA-A359-96153D956B75}"
EndProject
Project("{2150E333-8FDC-42A3-9474-1A3956D46DE8}") = "BackEnd", "BackEnd", "{E5E14360-40CF-4AB8-BB60-9E558F5E4336}"
EndProject
Project("{2150E333-8FDC-42A3-9474-1A3956D46DE8}") = "FrontEnd", "FrontEnd", "{2F67E7FE-6B44-43A1-AA7E-E32063BE5A4A}"
EndProject
Project("{9A19103F-16F7-4668-BE54-9A1E7A4F7556}") = "AWSLambdaSQSTrgger", "AWSLambdaSQSTrgger\AWSLambdaSQSTrgger.csproj", "{0163AF43-19CF-4705-8191-EF412DFF5C71}"
EndProject
Project("{FAE04EC0-301F-11D3-BF4B-00C04F79EFBC}") = "AWSLambdaWeb", "AWSLambdaWeb\AWSLambdaWeb.csproj", "{4E446939-0361-4EB2-B379-C81BB565C731}"
EndProject
Global
	GlobalSection(SolutionConfigurationPlatforms) = preSolution
		Debug|Any CPU = Debug|Any CPU
		Release|Any CPU = Release|Any CPU
	EndGlobalSection
	GlobalSection(ProjectConfigurationPlatforms) = postSolution
		{F06653C5-4DE3-4F84-9F30-22D4CC692223}.Debug|Any CPU.ActiveCfg = Debug|Any CPU
		{F06653C5-4DE3-4F84-9F30-22D4CC692223}.Debug|Any CPU.Build.0 = Debug|Any CPU
		{F06653C5-4DE3-4F84-9F30-22D4CC692223}.Release|Any CPU.ActiveCfg = Release|Any CPU
		{F06653C5-4DE3-4F84-9F30-22D4CC692223}.Release|Any CPU.Build.0 = Release|Any CPU
		{D081EC47-908A-45E4-A0C7-2A087716EE7C}.Debug|Any CPU.ActiveCfg = Debug|Any CPU
		{D081EC47-908A-45E4-A0C7-2A087716EE7C}.Debug|Any CPU.Build.0 = Debug|Any CPU
		{D081EC47-908A-45E4-A0C7-2A087716EE7C}.Release|Any CPU.ActiveCfg = Release|Any CPU
		{D081EC47-908A-45E4-A0C7-2A087716EE7C}.Release|Any CPU.Build.0 = Release|Any CPU
		{997A3B0F-1B7B-42C1-912F-C4C0ABAA7E21}.Debug|Any CPU.ActiveCfg = Debug|Any CPU
		{997A3B0F-1B7B-42C1-912F-C4C0ABAA7E21}.Debug|Any CPU.Build.0 = Debug|Any CPU
		{997A3B0F-1B7B-42C1-912F-C4C0ABAA7E21}.Release|Any CPU.ActiveCfg = Release|Any CPU
		{997A3B0F-1B7B-42C1-912F-C4C0ABAA7E21}.Release|Any CPU.Build.0 = Release|Any CPU
		{B29C7879-515C-42B5-A9E4-31FB25FB66CD}.Debug|Any CPU.ActiveCfg = Debug|Any CPU
		{B29C7879-515C-42B5-A9E4-31FB25FB66CD}.Debug|Any CPU.Build.0 = Debug|Any CPU
		{B29C7879-515C-42B5-A9E4-31FB25FB66CD}.Release|Any CPU.ActiveCfg = Release|Any CPU
		{B29C7879-515C-42B5-A9E4-31FB25FB66CD}.Release|Any CPU.Build.0 = Release|Any CPU
		{C737DAC4-1AE8-4A03-AA32-083CD4138279}.Debug|Any CPU.ActiveCfg = Debug|Any CPU
		{C737DAC4-1AE8-4A03-AA32-083CD4138279}.Debug|Any CPU.Build.0 = Debug|Any CPU
		{C737DAC4-1AE8-4A03-AA32-083CD4138279}.Release|Any CPU.ActiveCfg = Release|Any CPU
		{C737DAC4-1AE8-4A03-AA32-083CD4138279}.Release|Any CPU.Build.0 = Release|Any CPU
		{7FFB623C-D709-4AF2-AF9C-1573FA1E6D37}.Debug|Any CPU.ActiveCfg = Debug|Any CPU
		{7FFB623C-D709-4AF2-AF9C-1573FA1E6D37}.Debug|Any CPU.Build.0 = Debug|Any CPU
		{7FFB623C-D709-4AF2-AF9C-1573FA1E6D37}.Release|Any CPU.ActiveCfg = Release|Any CPU
		{7FFB623C-D709-4AF2-AF9C-1573FA1E6D37}.Release|Any CPU.Build.0 = Release|Any CPU
		{67EE3FC0-FE1E-46DF-9EBB-8BD78E1C383D}.Debug|Any CPU.ActiveCfg = Debug|Any CPU
		{67EE3FC0-FE1E-46DF-9EBB-8BD78E1C383D}.Debug|Any CPU.Build.0 = Debug|Any CPU
		{67EE3FC0-FE1E-46DF-9EBB-8BD78E1C383D}.Release|Any CPU.ActiveCfg = Release|Any CPU
		{67EE3FC0-FE1E-46DF-9EBB-8BD78E1C383D}.Release|Any CPU.Build.0 = Release|Any CPU
		{90362B5C-3A9D-4BA3-894A-042F9DBB3691}.Debug|Any CPU.ActiveCfg = Debug|Any CPU
		{90362B5C-3A9D-4BA3-894A-042F9DBB3691}.Debug|Any CPU.Build.0 = Debug|Any CPU
		{90362B5C-3A9D-4BA3-894A-042F9DBB3691}.Release|Any CPU.ActiveCfg = Release|Any CPU
		{90362B5C-3A9D-4BA3-894A-042F9DBB3691}.Release|Any CPU.Build.0 = Release|Any CPU
		{83426F22-EAC4-4765-91A9-AFB2D870D592}.Debug|Any CPU.ActiveCfg = Debug|Any CPU
		{83426F22-EAC4-4765-91A9-AFB2D870D592}.Debug|Any CPU.Build.0 = Debug|Any CPU
		{83426F22-EAC4-4765-91A9-AFB2D870D592}.Release|Any CPU.ActiveCfg = Release|Any CPU
		{83426F22-EAC4-4765-91A9-AFB2D870D592}.Release|Any CPU.Build.0 = Release|Any CPU
		{C4DB8C9F-87E4-461A-A5A6-C57F0C2DFEF8}.Debug|Any CPU.ActiveCfg = Debug|Any CPU
		{C4DB8C9F-87E4-461A-A5A6-C57F0C2DFEF8}.Debug|Any CPU.Build.0 = Debug|Any CPU
		{C4DB8C9F-87E4-461A-A5A6-C57F0C2DFEF8}.Release|Any CPU.ActiveCfg = Release|Any CPU
		{C4DB8C9F-87E4-461A-A5A6-C57F0C2DFEF8}.Release|Any CPU.Build.0 = Release|Any CPU
		{C1A54D42-CB57-45DA-A359-96153D956B75}.Debug|Any CPU.ActiveCfg = Debug|Any CPU
		{C1A54D42-CB57-45DA-A359-96153D956B75}.Debug|Any CPU.Build.0 = Debug|Any CPU
		{C1A54D42-CB57-45DA-A359-96153D956B75}.Release|Any CPU.ActiveCfg = Release|Any CPU
		{C1A54D42-CB57-45DA-A359-96153D956B75}.Release|Any CPU.Build.0 = Release|Any CPU
		{0163AF43-19CF-4705-8191-EF412DFF5C71}.Debug|Any CPU.ActiveCfg = Debug|Any CPU
		{0163AF43-19CF-4705-8191-EF412DFF5C71}.Debug|Any CPU.Build.0 = Debug|Any CPU
		{0163AF43-19CF-4705-8191-EF412DFF5C71}.Release|Any CPU.ActiveCfg = Release|Any CPU
		{0163AF43-19CF-4705-8191-EF412DFF5C71}.Release|Any CPU.Build.0 = Release|Any CPU
		{4E446939-0361-4EB2-B379-C81BB565C731}.Debug|Any CPU.ActiveCfg = Debug|Any CPU
		{4E446939-0361-4EB2-B379-C81BB565C731}.Debug|Any CPU.Build.0 = Debug|Any CPU
		{4E446939-0361-4EB2-B379-C81BB565C731}.Release|Any CPU.ActiveCfg = Release|Any CPU
		{4E446939-0361-4EB2-B379-C81BB565C731}.Release|Any CPU.Build.0 = Release|Any CPU
	EndGlobalSection
	GlobalSection(SolutionProperties) = preSolution
		HideSolutionNode = FALSE
	EndGlobalSection
	GlobalSection(ExtensibilityGlobals) = postSolution
		SolutionGuid = {6AF51A13-FAEF-4F96-807A-86E5E560E72A}
	EndGlobalSection
EndGlobal
